
Microsoft Visual Studio Solution File, Format Version 12.00
# Visual Studio 15
VisualStudioVersion = 15.0.27428.2037
MinimumVisualStudioVersion = 10.0.40219.1
Project("{FAE04EC0-301F-11D3-BF4B-00C04F79EFBC}") = "JavaScriptPractice", "JavaScriptPractice\JavaScriptPractice.csproj", "{B0A0FF5C-CBEA-4C4E-9CF1-374EDBB6E6CC}"
EndProject
Global
	GlobalSection(SolutionConfigurationPlatforms) = preSolution
		Debug|Any CPU = Debug|Any CPU
		Release|Any CPU = Release|Any CPU
	EndGlobalSection
	GlobalSection(ProjectConfigurationPlatforms) = postSolution
		{B0A0FF5C-CBEA-4C4E-9CF1-374EDBB6E6CC}.Debug|Any CPU.ActiveCfg = Debug|Any CPU
		{B0A0FF5C-CBEA-4C4E-9CF1-374EDBB6E6CC}.Debug|Any CPU.Build.0 = Debug|Any CPU
		{B0A0FF5C-CBEA-4C4E-9CF1-374EDBB6E6CC}.Release|Any CPU.ActiveCfg = Release|Any CPU
		{B0A0FF5C-CBEA-4C4E-9CF1-374EDBB6E6CC}.Release|Any CPU.Build.0 = Release|Any CPU
	EndGlobalSection
	GlobalSection(SolutionProperties) = preSolution
		HideSolutionNode = FALSE
	EndGlobalSection
	GlobalSection(ExtensibilityGlobals) = postSolution
		SolutionGuid = {090EE0D0-363D-4EC5-987C-D2FEC83D8417}
	EndGlobalSection
EndGlobal
